
Microsoft Visual Studio Solution File, Format Version 12.00
# Visual Studio 15
VisualStudioVersion = 15.0.27130.2003
MinimumVisualStudioVersion = 10.0.40219.1
Project("{8BC9CEB8-8B4A-11D0-8D11-00A0C91BC942}") = "Sklad_zbozi", "Sklad_zbozi\Sklad_zbozi.vcxproj", "{FD4FB5C6-AC62-4D4A-A303-11164F43F575}"
EndProject
Global
	GlobalSection(SolutionConfigurationPlatforms) = preSolution
		Debug|x64 = Debug|x64
		Debug|x86 = Debug|x86
		Release|x64 = Release|x64
		Release|x86 = Release|x86
	EndGlobalSection
	GlobalSection(ProjectConfigurationPlatforms) = postSolution
		{FD4FB5C6-AC62-4D4A-A303-11164F43F575}.Debug|x64.ActiveCfg = Debug|x64
		{FD4FB5C6-AC62-4D4A-A303-11164F43F575}.Debug|x64.Build.0 = Debug|x64
		{FD4FB5C6-AC62-4D4A-A303-11164F43F575}.Debug|x86.ActiveCfg = Debug|Win32
		{FD4FB5C6-AC62-4D4A-A303-11164F43F575}.Debug|x86.Build.0 = Debug|Win32
		{FD4FB5C6-AC62-4D4A-A303-11164F43F575}.Release|x64.ActiveCfg = Release|x64
		{FD4FB5C6-AC62-4D4A-A303-11164F43F575}.Release|x64.Build.0 = Release|x64
		{FD4FB5C6-AC62-4D4A-A303-11164F43F575}.Release|x86.ActiveCfg = Release|Win32
		{FD4FB5C6-AC62-4D4A-A303-11164F43F575}.Release|x86.Build.0 = Release|Win32
	EndGlobalSection
	GlobalSection(SolutionProperties) = preSolution
		HideSolutionNode = FALSE
	EndGlobalSection
	GlobalSection(ExtensibilityGlobals) = postSolution
		SolutionGuid = {5C71F08F-CD15-4D71-A0F4-B606BEC67402}
	EndGlobalSection
EndGlobal
